
Microsoft Visual Studio Solution File, Format Version 11.00
# Visual Studio 2010
Project("{FAE04EC0-301F-11D3-BF4B-00C04F79EFBC}") = "UnityEngine.UI", "UnityEngine.UI.csproj", "{2CA18CAF-48F6-A59F-DDBF-1CA2BA3CF51A}"
EndProject
Project("{FAE04EC0-301F-11D3-BF4B-00C04F79EFBC}") = "UnityEngine.TestRunner", "UnityEngine.TestRunner.csproj", "{F144E216-A6D5-2A9B-8D9E-005868E8C244}"
EndProject
Project("{FAE04EC0-301F-11D3-BF4B-00C04F79EFBC}") = "Unity.TextMeshPro", "Unity.TextMeshPro.csproj", "{631B9D85-61EA-0A86-7E57-48D8E6D4BC55}"
EndProject
Project("{FAE04EC0-301F-11D3-BF4B-00C04F79EFBC}") = "Unity.Timeline", "Unity.Timeline.csproj", "{6CECFBF8-1FDB-1162-7D06-07563E93EE31}"
EndProject
Project("{FAE04EC0-301F-11D3-BF4B-00C04F79EFBC}") = "Assembly-CSharp", "Assembly-CSharp.csproj", "{ED8C1AE0-0B91-9084-B135-3DBE741F9828}"
EndProject
Project("{FAE04EC0-301F-11D3-BF4B-00C04F79EFBC}") = "UnityEditor.TestRunner", "UnityEditor.TestRunner.csproj", "{A032B7F9-1740-FB1D-F1D8-788DEB0C100F}"
EndProject
Project("{FAE04EC0-301F-11D3-BF4B-00C04F79EFBC}") = "Unity.TextMeshPro.Editor", "Unity.TextMeshPro.Editor.csproj", "{84F495CD-C170-C43D-EB81-DDF33EAB7504}"
EndProject
Project("{FAE04EC0-301F-11D3-BF4B-00C04F79EFBC}") = "Unity.Timeline.Editor", "Unity.Timeline.Editor.csproj", "{BE6D0233-5B91-57C3-5B87-32B2DBAF13CC}"
EndProject
Project("{FAE04EC0-301F-11D3-BF4B-00C04F79EFBC}") = "Unity.2D.Sprite.Editor", "Unity.2D.Sprite.Editor.csproj", "{4E16284D-EAB8-D900-D88A-DB4E25C05FF8}"
EndProject
Project("{FAE04EC0-301F-11D3-BF4B-00C04F79EFBC}") = "UnityEditor.UI", "UnityEditor.UI.csproj", "{9270C048-3734-A6FE-44D2-3C789E668D35}"
EndProject
Project("{FAE04EC0-301F-11D3-BF4B-00C04F79EFBC}") = "Unity.Rider.Editor", "Unity.Rider.Editor.csproj", "{4D8DA8A4-C516-4B86-D5B6-15D83024039D}"
EndProject
Project("{FAE04EC0-301F-11D3-BF4B-00C04F79EFBC}") = "Unity.CollabProxy.Editor", "Unity.CollabProxy.Editor.csproj", "{CD26022E-9AEC-277A-9F64-11D25BCA67ED}"
EndProject
Project("{FAE04EC0-301F-11D3-BF4B-00C04F79EFBC}") = "Unity.VSCode.Editor", "Unity.VSCode.Editor.csproj", "{C45FB6F9-D550-9EAE-C806-775DE8FBCD34}"
EndProject
Project("{FAE04EC0-301F-11D3-BF4B-00C04F79EFBC}") = "Assembly-CSharp-Editor", "Assembly-CSharp-Editor.csproj", "{C9D5DD55-852F-66C6-1333-DA6B56447B12}"
EndProject
Global
	GlobalSection(SolutionConfigurationPlatforms) = preSolution
		Debug|Any CPU = Debug|Any CPU
		Release|Any CPU = Release|Any CPU
	EndGlobalSection
	GlobalSection(ProjectConfigurationPlatforms) = postSolution
		{2CA18CAF-48F6-A59F-DDBF-1CA2BA3CF51A}.Debug|Any CPU.ActiveCfg = Debug|Any CPU
		{2CA18CAF-48F6-A59F-DDBF-1CA2BA3CF51A}.Debug|Any CPU.Build.0 = Debug|Any CPU
		{2CA18CAF-48F6-A59F-DDBF-1CA2BA3CF51A}.Release|Any CPU.ActiveCfg = Release|Any CPU
		{2CA18CAF-48F6-A59F-DDBF-1CA2BA3CF51A}.Release|Any CPU.Build.0 = Release|Any CPU
		{F144E216-A6D5-2A9B-8D9E-005868E8C244}.Debug|Any CPU.ActiveCfg = Debug|Any CPU
		{F144E216-A6D5-2A9B-8D9E-005868E8C244}.Debug|Any CPU.Build.0 = Debug|Any CPU
		{F144E216-A6D5-2A9B-8D9E-005868E8C244}.Release|Any CPU.ActiveCfg = Release|Any CPU
		{F144E216-A6D5-2A9B-8D9E-005868E8C244}.Release|Any CPU.Build.0 = Release|Any CPU
		{631B9D85-61EA-0A86-7E57-48D8E6D4BC55}.Debug|Any CPU.ActiveCfg = Debug|Any CPU
		{631B9D85-61EA-0A86-7E57-48D8E6D4BC55}.Debug|Any CPU.Build.0 = Debug|Any CPU
		{631B9D85-61EA-0A86-7E57-48D8E6D4BC55}.Release|Any CPU.ActiveCfg = Release|Any CPU
		{631B9D85-61EA-0A86-7E57-48D8E6D4BC55}.Release|Any CPU.Build.0 = Release|Any CPU
		{6CECFBF8-1FDB-1162-7D06-07563E93EE31}.Debug|Any CPU.ActiveCfg = Debug|Any CPU
		{6CECFBF8-1FDB-1162-7D06-07563E93EE31}.Debug|Any CPU.Build.0 = Debug|Any CPU
		{6CECFBF8-1FDB-1162-7D06-07563E93EE31}.Release|Any CPU.ActiveCfg = Release|Any CPU
		{6CECFBF8-1FDB-1162-7D06-07563E93EE31}.Release|Any CPU.Build.0 = Release|Any CPU
		{ED8C1AE0-0B91-9084-B135-3DBE741F9828}.Debug|Any CPU.ActiveCfg = Debug|Any CPU
		{ED8C1AE0-0B91-9084-B135-3DBE741F9828}.Debug|Any CPU.Build.0 = Debug|Any CPU
		{ED8C1AE0-0B91-9084-B135-3DBE741F9828}.Release|Any CPU.ActiveCfg = Release|Any CPU
		{ED8C1AE0-0B91-9084-B135-3DBE741F9828}.Release|Any CPU.Build.0 = Release|Any CPU
		{A032B7F9-1740-FB1D-F1D8-788DEB0C100F}.Debug|Any CPU.ActiveCfg = Debug|Any CPU
		{A032B7F9-1740-FB1D-F1D8-788DEB0C100F}.Debug|Any CPU.Build.0 = Debug|Any CPU
		{A032B7F9-1740-FB1D-F1D8-788DEB0C100F}.Release|Any CPU.ActiveCfg = Release|Any CPU
		{A032B7F9-1740-FB1D-F1D8-788DEB0C100F}.Release|Any CPU.Build.0 = Release|Any CPU
		{84F495CD-C170-C43D-EB81-DDF33EAB7504}.Debug|Any CPU.ActiveCfg = Debug|Any CPU
		{84F495CD-C170-C43D-EB81-DDF33EAB7504}.Debug|Any CPU.Build.0 = Debug|Any CPU
		{84F495CD-C170-C43D-EB81-DDF33EAB7504}.Release|Any CPU.ActiveCfg = Release|Any CPU
		{84F495CD-C170-C43D-EB81-DDF33EAB7504}.Release|Any CPU.Build.0 = Release|Any CPU
		{BE6D0233-5B91-57C3-5B87-32B2DBAF13CC}.Debug|Any CPU.ActiveCfg = Debug|Any CPU
		{BE6D0233-5B91-57C3-5B87-32B2DBAF13CC}.Debug|Any CPU.Build.0 = Debug|Any CPU
		{BE6D0233-5B91-57C3-5B87-32B2DBAF13CC}.Release|Any CPU.ActiveCfg = Release|Any CPU
		{BE6D0233-5B91-57C3-5B87-32B2DBAF13CC}.Release|Any CPU.Build.0 = Release|Any CPU
		{4E16284D-EAB8-D900-D88A-DB4E25C05FF8}.Debug|Any CPU.ActiveCfg = Debug|Any CPU
		{4E16284D-EAB8-D900-D88A-DB4E25C05FF8}.Debug|Any CPU.Build.0 = Debug|Any CPU
		{4E16284D-EAB8-D900-D88A-DB4E25C05FF8}.Release|Any CPU.ActiveCfg = Release|Any CPU
		{4E16284D-EAB8-D900-D88A-DB4E25C05FF8}.Release|Any CPU.Build.0 = Release|Any CPU
		{9270C048-3734-A6FE-44D2-3C789E668D35}.Debug|Any CPU.ActiveCfg = Debug|Any CPU
		{9270C048-3734-A6FE-44D2-3C789E668D35}.Debug|Any CPU.Build.0 = Debug|Any CPU
		{9270C048-3734-A6FE-44D2-3C789E668D35}.Release|Any CPU.ActiveCfg = Release|Any CPU
		{9270C048-3734-A6FE-44D2-3C789E668D35}.Release|Any CPU.Build.0 = Release|Any CPU
		{4D8DA8A4-C516-4B86-D5B6-15D83024039D}.Debug|Any CPU.ActiveCfg = Debug|Any CPU
		{4D8DA8A4-C516-4B86-D5B6-15D83024039D}.Debug|Any CPU.Build.0 = Debug|Any CPU
		{4D8DA8A4-C516-4B86-D5B6-15D83024039D}.Release|Any CPU.ActiveCfg = Release|Any CPU
		{4D8DA8A4-C516-4B86-D5B6-15D83024039D}.Release|Any CPU.Build.0 = Release|Any CPU
		{CD26022E-9AEC-277A-9F64-11D25BCA67ED}.Debug|Any CPU.ActiveCfg = Debug|Any CPU
		{CD26022E-9AEC-277A-9F64-11D25BCA67ED}.Debug|Any CPU.Build.0 = Debug|Any CPU
		{CD26022E-9AEC-277A-9F64-11D25BCA67ED}.Release|Any CPU.ActiveCfg = Release|Any CPU
		{CD26022E-9AEC-277A-9F64-11D25BCA67ED}.Release|Any CPU.Build.0 = Release|Any CPU
		{C45FB6F9-D550-9EAE-C806-775DE8FBCD34}.Debug|Any CPU.ActiveCfg = Debug|Any CPU
		{C45FB6F9-D550-9EAE-C806-775DE8FBCD34}.Debug|Any CPU.Build.0 = Debug|Any CPU
		{C45FB6F9-D550-9EAE-C806-775DE8FBCD34}.Release|Any CPU.ActiveCfg = Release|Any CPU
		{C45FB6F9-D550-9EAE-C806-775DE8FBCD34}.Release|Any CPU.Build.0 = Release|Any CPU
		{C9D5DD55-852F-66C6-1333-DA6B56447B12}.Debug|Any CPU.ActiveCfg = Debug|Any CPU
		{C9D5DD55-852F-66C6-1333-DA6B56447B12}.Debug|Any CPU.Build.0 = Debug|Any CPU
		{C9D5DD55-852F-66C6-1333-DA6B56447B12}.Release|Any CPU.ActiveCfg = Release|Any CPU
		{C9D5DD55-852F-66C6-1333-DA6B56447B12}.Release|Any CPU.Build.0 = Release|Any CPU
	EndGlobalSection
	GlobalSection(SolutionProperties) = preSolution
		HideSolutionNode = FALSE
	EndGlobalSection
EndGlobal
